// !$*UTF8*$!
{
	archiveVersion = 1;
	classes = {
	};
	objectVersion = 56;
	objects = {

/* Begin PBXBuildFile section */
		5ECBF4B62A0B23ED00652631 /* DataUserDefaultsSave.swift in Sources */ = {isa = PBXBuildFile; fileRef = 5ECBF4B52A0B23ED00652631 /* DataUserDefaultsSave.swift */; };
		5ECBF4B82A0B253A00652631 /* UserDefaultsDataView.swift in Sources */ = {isa = PBXBuildFile; fileRef = 5ECBF4B72A0B253A00652631 /* UserDefaultsDataView.swift */; };
		5ECBF4BA2A0B25C400652631 /* Database.swift in Sources */ = {isa = PBXBuildFile; fileRef = 5ECBF4B92A0B25C400652631 /* Database.swift */; };
		5ED327EE2A09DDAE0028DE61 /* sixgongjuApp.swift in Sources */ = {isa = PBXBuildFile; fileRef = 5ED327ED2A09DDAE0028DE61 /* sixgongjuApp.swift */; };
		5ED327F02A09DDAE0028DE61 /* ContentView.swift in Sources */ = {isa = PBXBuildFile; fileRef = 5ED327EF2A09DDAE0028DE61 /* ContentView.swift */; };
		5ED327F22A09DDAE0028DE61 /* Assets.xcassets in Resources */ = {isa = PBXBuildFile; fileRef = 5ED327F12A09DDAE0028DE61 /* Assets.xcassets */; };
		5ED327F52A09DDAE0028DE61 /* Preview Assets.xcassets in Resources */ = {isa = PBXBuildFile; fileRef = 5ED327F42A09DDAE0028DE61 /* Preview Assets.xcassets */; };
		5ED328122A09DE3C0028DE61 /* ModelData.swift in Sources */ = {isa = PBXBuildFile; fileRef = 5ED328112A09DE3C0028DE61 /* ModelData.swift */; };
		5ED328142A09DE4D0028DE61 /* Color_extension.swift in Sources */ = {isa = PBXBuildFile; fileRef = 5ED328132A09DE4D0028DE61 /* Color_extension.swift */; };
		5ED328172A09DE960028DE61 /* View_1.swift in Sources */ = {isa = PBXBuildFile; fileRef = 5ED328162A09DE960028DE61 /* View_1.swift */; };
		5ED328192A09DEAD0028DE61 /* View_3.swift in Sources */ = {isa = PBXBuildFile; fileRef = 5ED328182A09DEAD0028DE61 /* View_3.swift */; };
		5ED3281C2A09DECB0028DE61 /* NextButtonView.swift in Sources */ = {isa = PBXBuildFile; fileRef = 5ED3281B2A09DECB0028DE61 /* NextButtonView.swift */; };
		5ED3281E2A09DEE70028DE61 /* ImagePickerView.swift in Sources */ = {isa = PBXBuildFile; fileRef = 5ED3281D2A09DEE70028DE61 /* ImagePickerView.swift */; };
		5ED328212A09DF030028DE61 /* ImagePicker.swift in Sources */ = {isa = PBXBuildFile; fileRef = 5ED328202A09DF030028DE61 /* ImagePicker.swift */; };
		5ED328232A09DF8B0028DE61 /* View_4.swift in Sources */ = {isa = PBXBuildFile; fileRef = 5ED328222A09DF8B0028DE61 /* View_4.swift */; };
		5ED328252A09DF990028DE61 /* View_2.swift in Sources */ = {isa = PBXBuildFile; fileRef = 5ED328242A09DF990028DE61 /* View_2.swift */; };
		5ED328272A09F4C30028DE61 /* LocalDataView.swift in Sources */ = {isa = PBXBuildFile; fileRef = 5ED328262A09F4C30028DE61 /* LocalDataView.swift */; };
/* End PBXBuildFile section */

/* Begin PBXFileReference section */
		5ECBF4B52A0B23ED00652631 /* DataUserDefaultsSave.swift */ = {isa = PBXFileReference; lastKnownFileType = sourcecode.swift; path = DataUserDefaultsSave.swift; sourceTree = "<group>"; };
		5ECBF4B72A0B253A00652631 /* UserDefaultsDataView.swift */ = {isa = PBXFileReference; lastKnownFileType = sourcecode.swift; path = UserDefaultsDataView.swift; sourceTree = "<group>"; };
		5ECBF4B92A0B25C400652631 /* Database.swift */ = {isa = PBXFileReference; lastKnownFileType = sourcecode.swift; path = Database.swift; sourceTree = "<group>"; };
		5ED327EA2A09DDAE0028DE61 /* sixgongju.app */ = {isa = PBXFileReference; explicitFileType = wrapper.application; includeInIndex = 0; path = sixgongju.app; sourceTree = BUILT_PRODUCTS_DIR; };
		5ED327ED2A09DDAE0028DE61 /* sixgongjuApp.swift */ = {isa = PBXFileReference; lastKnownFileType = sourcecode.swift; path = sixgongjuApp.swift; sourceTree = "<group>"; };
		5ED327EF2A09DDAE0028DE61 /* ContentView.swift */ = {isa = PBXFileReference; lastKnownFileType = sourcecode.swift; path = ContentView.swift; sourceTree = "<group>"; };
		5ED327F12A09DDAE0028DE61 /* Assets.xcassets */ = {isa = PBXFileReference; lastKnownFileType = folder.assetcatalog; path = Assets.xcassets; sourceTree = "<group>"; };
		5ED327F42A09DDAE0028DE61 /* Preview Assets.xcassets */ = {isa = PBXFileReference; lastKnownFileType = folder.assetcatalog; path = "Preview Assets.xcassets"; sourceTree = "<group>"; };
		5ED328112A09DE3C0028DE61 /* ModelData.swift */ = {isa = PBXFileReference; lastKnownFileType = sourcecode.swift; path = ModelData.swift; sourceTree = "<group>"; };
		5ED328132A09DE4D0028DE61 /* Color_extension.swift */ = {isa = PBXFileReference; lastKnownFileType = sourcecode.swift; path = Color_extension.swift; sourceTree = "<group>"; };
		5ED328162A09DE960028DE61 /* View_1.swift */ = {isa = PBXFileReference; lastKnownFileType = sourcecode.swift; path = View_1.swift; sourceTree = "<group>"; };
		5ED328182A09DEAD0028DE61 /* View_3.swift */ = {isa = PBXFileReference; lastKnownFileType = sourcecode.swift; path = View_3.swift; sourceTree = "<group>"; };
		5ED3281B2A09DECB0028DE61 /* NextButtonView.swift */ = {isa = PBXFileReference; lastKnownFileType = sourcecode.swift; path = NextButtonView.swift; sourceTree = "<group>"; };
		5ED3281D2A09DEE70028DE61 /* ImagePickerView.swift */ = {isa = PBXFileReference; lastKnownFileType = sourcecode.swift; path = ImagePickerView.swift; sourceTree = "<group>"; };
		5ED328202A09DF030028DE61 /* ImagePicker.swift */ = {isa = PBXFileReference; lastKnownFileType = sourcecode.swift; path = ImagePicker.swift; sourceTree = "<group>"; };
		5ED328222A09DF8B0028DE61 /* View_4.swift */ = {isa = PBXFileReference; lastKnownFileType = sourcecode.swift; path = View_4.swift; sourceTree = "<group>"; };
		5ED328242A09DF990028DE61 /* View_2.swift */ = {isa = PBXFileReference; lastKnownFileType = sourcecode.swift; path = View_2.swift; sourceTree = "<group>"; };
		5ED328262A09F4C30028DE61 /* LocalDataView.swift */ = {isa = PBXFileReference; lastKnownFileType = sourcecode.swift; path = LocalDataView.swift; sourceTree = "<group>"; };
/* End PBXFileReference section */

/* Begin PBXFrameworksBuildPhase section */
		5ED327E72A09DDAE0028DE61 /* Frameworks */ = {
			isa = PBXFrameworksBuildPhase;
			buildActionMask = 2147483647;
			files = (
			);
			runOnlyForDeploymentPostprocessing = 0;
		};
/* End PBXFrameworksBuildPhase section */

/* Begin PBXGroup section */
		5ED327E12A09DDAE0028DE61 = {
			isa = PBXGroup;
			children = (
				5ED327EC2A09DDAE0028DE61 /* sixgongju */,
				5ED327EB2A09DDAE0028DE61 /* Products */,
			);
			sourceTree = "<group>";
		};
		5ED327EB2A09DDAE0028DE61 /* Products */ = {
			isa = PBXGroup;
			children = (
				5ED327EA2A09DDAE0028DE61 /* sixgongju.app */,
			);
			name = Products;
			sourceTree = "<group>";
		};
		5ED327EC2A09DDAE0028DE61 /* sixgongju */ = {
			isa = PBXGroup;
			children = (
				5ED327ED2A09DDAE0028DE61 /* sixgongjuApp.swift */,
				5ED327EF2A09DDAE0028DE61 /* ContentView.swift */,
				5ED328152A09DE780028DE61 /* Onboarding */,
				5ED328102A09DE220028DE61 /* Data_extension */,
				5ED327F12A09DDAE0028DE61 /* Assets.xcassets */,
				5ED327F32A09DDAE0028DE61 /* Preview Content */,
			);
			path = sixgongju;
			sourceTree = "<group>";
		};
		5ED327F32A09DDAE0028DE61 /* Preview Content */ = {
			isa = PBXGroup;
			children = (
				5ED327F42A09DDAE0028DE61 /* Preview Assets.xcassets */,
			);
			path = "Preview Content";
			sourceTree = "<group>";
		};
		5ED328102A09DE220028DE61 /* Data_extension */ = {
			isa = PBXGroup;
			children = (
				5ED328112A09DE3C0028DE61 /* ModelData.swift */,
				5ED328132A09DE4D0028DE61 /* Color_extension.swift */,
				5ECBF4B92A0B25C400652631 /* Database.swift */,
			);
			path = Data_extension;
			sourceTree = "<group>";
		};
		5ED328152A09DE780028DE61 /* Onboarding */ = {
			isa = PBXGroup;
			children = (
				5ED3281F2A09DEF10028DE61 /* Function */,
				5ED3281A2A09DEBE0028DE61 /* ViewFunction */,
				5ED328162A09DE960028DE61 /* View_1.swift */,
				5ED328242A09DF990028DE61 /* View_2.swift */,
				5ED328182A09DEAD0028DE61 /* View_3.swift */,
				5ED328222A09DF8B0028DE61 /* View_4.swift */,
				5ED328262A09F4C30028DE61 /* LocalDataView.swift */,
				5ECBF4B72A0B253A00652631 /* UserDefaultsDataView.swift */,
			);
			path = Onboarding;
			sourceTree = "<group>";
		};
		5ED3281A2A09DEBE0028DE61 /* ViewFunction */ = {
			isa = PBXGroup;
			children = (
				5ED3281B2A09DECB0028DE61 /* NextButtonView.swift */,
				5ED3281D2A09DEE70028DE61 /* ImagePickerView.swift */,
			);
			path = ViewFunction;
			sourceTree = "<group>";
		};
		5ED3281F2A09DEF10028DE61 /* Function */ = {
			isa = PBXGroup;
			children = (
				5ED328202A09DF030028DE61 /* ImagePicker.swift */,
				5ECBF4B52A0B23ED00652631 /* DataUserDefaultsSave.swift */,
			);
			path = Function;
			sourceTree = "<group>";
		};
/* End PBXGroup section */

/* Begin PBXNativeTarget section */
		5ED327E92A09DDAE0028DE61 /* sixgongju */ = {
			isa = PBXNativeTarget;
			buildConfigurationList = 5ED327F82A09DDAE0028DE61 /* Build configuration list for PBXNativeTarget "sixgongju" */;
			buildPhases = (
				5ED327E62A09DDAE0028DE61 /* Sources */,
				5ED327E72A09DDAE0028DE61 /* Frameworks */,
				5ED327E82A09DDAE0028DE61 /* Resources */,
			);
			buildRules = (
			);
			dependencies = (
			);
			name = sixgongju;
			productName = sixgongju;
			productReference = 5ED327EA2A09DDAE0028DE61 /* sixgongju.app */;
			productType = "com.apple.product-type.application";
		};
/* End PBXNativeTarget section */

/* Begin PBXProject section */
		5ED327E22A09DDAE0028DE61 /* Project object */ = {
			isa = PBXProject;
			attributes = {
				BuildIndependentTargetsInParallel = 1;
				LastSwiftUpdateCheck = 1430;
				LastUpgradeCheck = 1430;
				TargetAttributes = {
					5ED327E92A09DDAE0028DE61 = {
						CreatedOnToolsVersion = 14.3;
					};
				};
			};
			buildConfigurationList = 5ED327E52A09DDAE0028DE61 /* Build configuration list for PBXProject "sixgongju" */;
			compatibilityVersion = "Xcode 14.0";
			developmentRegion = en;
			hasScannedForEncodings = 0;
			knownRegions = (
				en,
				Base,
			);
			mainGroup = 5ED327E12A09DDAE0028DE61;
			productRefGroup = 5ED327EB2A09DDAE0028DE61 /* Products */;
			projectDirPath = "";
			projectRoot = "";
			targets = (
				5ED327E92A09DDAE0028DE61 /* sixgongju */,
			);
		};
/* End PBXProject section */

/* Begin PBXResourcesBuildPhase section */
		5ED327E82A09DDAE0028DE61 /* Resources */ = {
			isa = PBXResourcesBuildPhase;
			buildActionMask = 2147483647;
			files = (
				5ED327F52A09DDAE0028DE61 /* Preview Assets.xcassets in Resources */,
				5ED327F22A09DDAE0028DE61 /* Assets.xcassets in Resources */,
			);
			runOnlyForDeploymentPostprocessing = 0;
		};
/* End PBXResourcesBuildPhase section */

/* Begin PBXSourcesBuildPhase section */
		5ED327E62A09DDAE0028DE61 /* Sources */ = {
			isa = PBXSourcesBuildPhase;
			buildActionMask = 2147483647;
			files = (
				5ED327F02A09DDAE0028DE61 /* ContentView.swift in Sources */,
				5ED327EE2A09DDAE0028DE61 /* sixgongjuApp.swift in Sources */,
				5ED328192A09DEAD0028DE61 /* View_3.swift in Sources */,
				5ECBF4BA2A0B25C400652631 /* Database.swift in Sources */,
				5ED328212A09DF030028DE61 /* ImagePicker.swift in Sources */,
				5ED3281C2A09DECB0028DE61 /* NextButtonView.swift in Sources */,
				5ECBF4B62A0B23ED00652631 /* DataUserDefaultsSave.swift in Sources */,
				5ED3281E2A09DEE70028DE61 /* ImagePickerView.swift in Sources */,
				5ED328252A09DF990028DE61 /* View_2.swift in Sources */,
				5ED328122A09DE3C0028DE61 /* ModelData.swift in Sources */,
				5ED328142A09DE4D0028DE61 /* Color_extension.swift in Sources */,
				5ED328172A09DE960028DE61 /* View_1.swift in Sources */,
				5ECBF4B82A0B253A00652631 /* UserDefaultsDataView.swift in Sources */,
				5ED328272A09F4C30028DE61 /* LocalDataView.swift in Sources */,
				5ED328232A09DF8B0028DE61 /* View_4.swift in Sources */,
			);
			runOnlyForDeploymentPostprocessing = 0;
		};
/* End PBXSourcesBuildPhase section */

/* Begin XCBuildConfiguration section */
		5ED327F62A09DDAE0028DE61 /* Debug */ = {
			isa = XCBuildConfiguration;
			buildSettings = {
				ALWAYS_SEARCH_USER_PATHS = NO;
				CLANG_ANALYZER_NONNULL = YES;
				CLANG_ANALYZER_NUMBER_OBJECT_CONVERSION = YES_AGGRESSIVE;
				CLANG_CXX_LANGUAGE_STANDARD = "gnu++20";
				CLANG_ENABLE_MODULES = YES;
				CLANG_ENABLE_OBJC_ARC = YES;
				CLANG_ENABLE_OBJC_WEAK = YES;
				CLANG_WARN_BLOCK_CAPTURE_AUTORELEASING = YES;
				CLANG_WARN_BOOL_CONVERSION = YES;
				CLANG_WARN_COMMA = YES;
				CLANG_WARN_CONSTANT_CONVERSION = YES;
				CLANG_WARN_DEPRECATED_OBJC_IMPLEMENTATIONS = YES;
				CLANG_WARN_DIRECT_OBJC_ISA_USAGE = YES_ERROR;
				CLANG_WARN_DOCUMENTATION_COMMENTS = YES;
				CLANG_WARN_EMPTY_BODY = YES;
				CLANG_WARN_ENUM_CONVERSION = YES;
				CLANG_WARN_INFINITE_RECURSION = YES;
				CLANG_WARN_INT_CONVERSION = YES;
				CLANG_WARN_NON_LITERAL_NULL_CONVERSION = YES;
				CLANG_WARN_OBJC_IMPLICIT_RETAIN_SELF = YES;
				CLANG_WARN_OBJC_LITERAL_CONVERSION = YES;
				CLANG_WARN_OBJC_ROOT_CLASS = YES_ERROR;
				CLANG_WARN_QUOTED_INCLUDE_IN_FRAMEWORK_HEADER = YES;
				CLANG_WARN_RANGE_LOOP_ANALYSIS = YES;
				CLANG_WARN_STRICT_PROTOTYPES = YES;
				CLANG_WARN_SUSPICIOUS_MOVE = YES;
				CLANG_WARN_UNGUARDED_AVAILABILITY = YES_AGGRESSIVE;
				CLANG_WARN_UNREACHABLE_CODE = YES;
				CLANG_WARN__DUPLICATE_METHOD_MATCH = YES;
				COPY_PHASE_STRIP = NO;
				DEBUG_INFORMATION_FORMAT = dwarf;
				ENABLE_STRICT_OBJC_MSGSEND = YES;
				ENABLE_TESTABILITY = YES;
				GCC_C_LANGUAGE_STANDARD = gnu11;
				GCC_DYNAMIC_NO_PIC = NO;
				GCC_NO_COMMON_BLOCKS = YES;
				GCC_OPTIMIZATION_LEVEL = 0;
				GCC_PREPROCESSOR_DEFINITIONS = (
					"DEBUG=1",
					"$(inherited)",
				);
				GCC_WARN_64_TO_32_BIT_CONVERSION = YES;
				GCC_WARN_ABOUT_RETURN_TYPE = YES_ERROR;
				GCC_WARN_UNDECLARED_SELECTOR = YES;
				GCC_WARN_UNINITIALIZED_AUTOS = YES_AGGRESSIVE;
				GCC_WARN_UNUSED_FUNCTION = YES;
				GCC_WARN_UNUSED_VARIABLE = YES;
				IPHONEOS_DEPLOYMENT_TARGET = 16.4;
				MTL_ENABLE_DEBUG_INFO = INCLUDE_SOURCE;
				MTL_FAST_MATH = YES;
				ONLY_ACTIVE_ARCH = YES;
				SDKROOT = iphoneos;
				SWIFT_ACTIVE_COMPILATION_CONDITIONS = DEBUG;
				SWIFT_OPTIMIZATION_LEVEL = "-Onone";
			};
			name = Debug;
		};
		5ED327F72A09DDAE0028DE61 /* Release */ = {
			isa = XCBuildConfiguration;
			buildSettings = {
				ALWAYS_SEARCH_USER_PATHS = NO;
				CLANG_ANALYZER_NONNULL = YES;
				CLANG_ANALYZER_NUMBER_OBJECT_CONVERSION = YES_AGGRESSIVE;
				CLANG_CXX_LANGUAGE_STANDARD = "gnu++20";
				CLANG_ENABLE_MODULES = YES;
				CLANG_ENABLE_OBJC_ARC = YES;
				CLANG_ENABLE_OBJC_WEAK = YES;
				CLANG_WARN_BLOCK_CAPTURE_AUTORELEASING = YES;
				CLANG_WARN_BOOL_CONVERSION = YES;
				CLANG_WARN_COMMA = YES;
				CLANG_WARN_CONSTANT_CONVERSION = YES;
				CLANG_WARN_DEPRECATED_OBJC_IMPLEMENTATIONS = YES;
				CLANG_WARN_DIRECT_OBJC_ISA_USAGE = YES_ERROR;
				CLANG_WARN_DOCUMENTATION_COMMENTS = YES;
				CLANG_WARN_EMPTY_BODY = YES;
				CLANG_WARN_ENUM_CONVERSION = YES;
				CLANG_WARN_INFINITE_RECURSION = YES;
				CLANG_WARN_INT_CONVERSION = YES;
				CLANG_WARN_NON_LITERAL_NULL_CONVERSION = YES;
				CLANG_WARN_OBJC_IMPLICIT_RETAIN_SELF = YES;
				CLANG_WARN_OBJC_LITERAL_CONVERSION = YES;
				CLANG_WARN_OBJC_ROOT_CLASS = YES_ERROR;
				CLANG_WARN_QUOTED_INCLUDE_IN_FRAMEWORK_HEADER = YES;
				CLANG_WARN_RANGE_LOOP_ANALYSIS = YES;
				CLANG_WARN_STRICT_PROTOTYPES = YES;
				CLANG_WARN_SUSPICIOUS_MOVE = YES;
				CLANG_WARN_UNGUARDED_AVAILABILITY = YES_AGGRESSIVE;
				CLANG_WARN_UNREACHABLE_CODE = YES;
				CLANG_WARN__DUPLICATE_METHOD_MATCH = YES;
				COPY_PHASE_STRIP = NO;
				DEBUG_INFORMATION_FORMAT = "dwarf-with-dsym";
				ENABLE_NS_ASSERTIONS = NO;
				ENABLE_STRICT_OBJC_MSGSEND = YES;
				GCC_C_LANGUAGE_STANDARD = gnu11;
				GCC_NO_COMMON_BLOCKS = YES;
				GCC_WARN_64_TO_32_BIT_CONVERSION = YES;
				GCC_WARN_ABOUT_RETURN_TYPE = YES_ERROR;
				GCC_WARN_UNDECLARED_SELECTOR = YES;
				GCC_WARN_UNINITIALIZED_AUTOS = YES_AGGRESSIVE;
				GCC_WARN_UNUSED_FUNCTION = YES;
				GCC_WARN_UNUSED_VARIABLE = YES;
				IPHONEOS_DEPLOYMENT_TARGET = 16.4;
				MTL_ENABLE_DEBUG_INFO = NO;
				MTL_FAST_MATH = YES;
				SDKROOT = iphoneos;
				SWIFT_COMPILATION_MODE = wholemodule;
				SWIFT_OPTIMIZATION_LEVEL = "-O";
				VALIDATE_PRODUCT = YES;
			};
			name = Release;
		};
		5ED327F92A09DDAE0028DE61 /* Debug */ = {
			isa = XCBuildConfiguration;
			buildSettings = {
				ASSETCATALOG_COMPILER_APPICON_NAME = AppIcon;
				ASSETCATALOG_COMPILER_GLOBAL_ACCENT_COLOR_NAME = AccentColor;
				CODE_SIGN_STYLE = Automatic;
				CURRENT_PROJECT_VERSION = 1;
				DEVELOPMENT_ASSET_PATHS = "\"sixgongju/Preview Content\"";
				DEVELOPMENT_TEAM = C3U3CZ666D;
				ENABLE_PREVIEWS = YES;
				GENERATE_INFOPLIST_FILE = YES;
				INFOPLIST_KEY_UIApplicationSceneManifest_Generation = YES;
				INFOPLIST_KEY_UIApplicationSupportsIndirectInputEvents = YES;
				INFOPLIST_KEY_UILaunchScreen_Generation = YES;
				INFOPLIST_KEY_UISupportedInterfaceOrientations_iPad = "UIInterfaceOrientationPortrait UIInterfaceOrientationPortraitUpsideDown UIInterfaceOrientationLandscapeLeft UIInterfaceOrientationLandscapeRight";
				INFOPLIST_KEY_UISupportedInterfaceOrientations_iPhone = "UIInterfaceOrientationPortrait UIInterfaceOrientationLandscapeLeft UIInterfaceOrientationLandscapeRight";
				LD_RUNPATH_SEARCH_PATHS = (
					"$(inherited)",
					"@executable_path/Frameworks",
				);
				MARKETING_VERSION = 1.0;
				PRODUCT_BUNDLE_IDENTIFIER = com.sangyong.sixgongju;
				PRODUCT_NAME = "$(TARGET_NAME)";
				SWIFT_EMIT_LOC_STRINGS = YES;
				SWIFT_VERSION = 5.0;
				TARGETED_DEVICE_FAMILY = "1,2";
			};
			name = Debug;
		};
		5ED327FA2A09DDAE0028DE61 /* Release */ = {
			isa = XCBuildConfiguration;
			buildSettings = {
				ASSETCATALOG_COMPILER_APPICON_NAME = AppIcon;
				ASSETCATALOG_COMPILER_GLOBAL_ACCENT_COLOR_NAME = AccentColor;
				CODE_SIGN_STYLE = Automatic;
				CURRENT_PROJECT_VERSION = 1;
				DEVELOPMENT_ASSET_PATHS = "\"sixgongju/Preview Content\"";
				DEVELOPMENT_TEAM = C3U3CZ666D;
				ENABLE_PREVIEWS = YES;
				GENERATE_INFOPLIST_FILE = YES;
				INFOPLIST_KEY_UIApplicationSceneManifest_Generation = YES;
				INFOPLIST_KEY_UIApplicationSupportsIndirectInputEvents = YES;
				INFOPLIST_KEY_UILaunchScreen_Generation = YES;
				INFOPLIST_KEY_UISupportedInterfaceOrientations_iPad = "UIInterfaceOrientationPortrait UIInterfaceOrientationPortraitUpsideDown UIInterfaceOrientationLandscapeLeft UIInterfaceOrientationLandscapeRight";
				INFOPLIST_KEY_UISupportedInterfaceOrientations_iPhone = "UIInterfaceOrientationPortrait UIInterfaceOrientationLandscapeLeft UIInterfaceOrientationLandscapeRight";
				LD_RUNPATH_SEARCH_PATHS = (
					"$(inherited)",
					"@executable_path/Frameworks",
				);
				MARKETING_VERSION = 1.0;
				PRODUCT_BUNDLE_IDENTIFIER = com.sangyong.sixgongju;
				PRODUCT_NAME = "$(TARGET_NAME)";
				SWIFT_EMIT_LOC_STRINGS = YES;
				SWIFT_VERSION = 5.0;
				TARGETED_DEVICE_FAMILY = "1,2";
			};
			name = Release;
		};
/* End XCBuildConfiguration section */

/* Begin XCConfigurationList section */
		5ED327E52A09DDAE0028DE61 /* Build configuration list for PBXProject "sixgongju" */ = {
			isa = XCConfigurationList;
			buildConfigurations = (
				5ED327F62A09DDAE0028DE61 /* Debug */,
				5ED327F72A09DDAE0028DE61 /* Release */,
			);
			defaultConfigurationIsVisible = 0;
			defaultConfigurationName = Release;
		};
		5ED327F82A09DDAE0028DE61 /* Build configuration list for PBXNativeTarget "sixgongju" */ = {
			isa = XCConfigurationList;
			buildConfigurations = (
				5ED327F92A09DDAE0028DE61 /* Debug */,
				5ED327FA2A09DDAE0028DE61 /* Release */,
			);
			defaultConfigurationIsVisible = 0;
			defaultConfigurationName = Release;
		};
/* End XCConfigurationList section */
	};
	rootObject = 5ED327E22A09DDAE0028DE61 /* Project object */;
}
